// !$*UTF8*$!
{
	archiveVersion = 1;
	classes = {
	};
	objectVersion = 55;
	objects = {

/* Begin PBXBuildFile section */
		BD65CF05286640DF003E8EBD /* AppDelegate.swift in Sources */ = {isa = PBXBuildFile; fileRef = BD65CF04286640DF003E8EBD /* AppDelegate.swift */; };
		BD65CF07286640DF003E8EBD /* SceneDelegate.swift in Sources */ = {isa = PBXBuildFile; fileRef = BD65CF06286640DF003E8EBD /* SceneDelegate.swift */; };
		BD65CF09286640DF003E8EBD /* ViewController.swift in Sources */ = {isa = PBXBuildFile; fileRef = BD65CF08286640DF003E8EBD /* ViewController.swift */; };
		BD65CF0C286640DF003E8EBD /* Main.storyboard in Resources */ = {isa = PBXBuildFile; fileRef = BD65CF0A286640DF003E8EBD /* Main.storyboard */; };
		BD65CF0F286640DF003E8EBD /* To_Do_List_Project.xcdatamodeld in Sources */ = {isa = PBXBuildFile; fileRef = BD65CF0D286640DF003E8EBD /* To_Do_List_Project.xcdatamodeld */; };
		BD65CF11286640E1003E8EBD /* Assets.xcassets in Resources */ = {isa = PBXBuildFile; fileRef = BD65CF10286640E1003E8EBD /* Assets.xcassets */; };
		BD65CF14286640E1003E8EBD /* LaunchScreen.storyboard in Resources */ = {isa = PBXBuildFile; fileRef = BD65CF12286640E1003E8EBD /* LaunchScreen.storyboard */; };
		BD65CF1F286640E1003E8EBD /* To_Do_List_ProjectTests.swift in Sources */ = {isa = PBXBuildFile; fileRef = BD65CF1E286640E1003E8EBD /* To_Do_List_ProjectTests.swift */; };
		BD65CF29286640E1003E8EBD /* To_Do_List_ProjectUITests.swift in Sources */ = {isa = PBXBuildFile; fileRef = BD65CF28286640E1003E8EBD /* To_Do_List_ProjectUITests.swift */; };
		BD65CF2B286640E1003E8EBD /* To_Do_List_ProjectUITestsLaunchTests.swift in Sources */ = {isa = PBXBuildFile; fileRef = BD65CF2A286640E1003E8EBD /* To_Do_List_ProjectUITestsLaunchTests.swift */; };
/* End PBXBuildFile section */

/* Begin PBXContainerItemProxy section */
		BD65CF1B286640E1003E8EBD /* PBXContainerItemProxy */ = {
			isa = PBXContainerItemProxy;
			containerPortal = BD65CEF9286640DF003E8EBD /* Project object */;
			proxyType = 1;
			remoteGlobalIDString = BD65CF00286640DF003E8EBD;
			remoteInfo = "To-Do List Project";
		};
		BD65CF25286640E1003E8EBD /* PBXContainerItemProxy */ = {
			isa = PBXContainerItemProxy;
			containerPortal = BD65CEF9286640DF003E8EBD /* Project object */;
			proxyType = 1;
			remoteGlobalIDString = BD65CF00286640DF003E8EBD;
			remoteInfo = "To-Do List Project";
		};
/* End PBXContainerItemProxy section */

/* Begin PBXFileReference section */
		BD65CF01286640DF003E8EBD /* To-Do List Project.app */ = {isa = PBXFileReference; explicitFileType = wrapper.application; includeInIndex = 0; path = "To-Do List Project.app"; sourceTree = BUILT_PRODUCTS_DIR; };
		BD65CF04286640DF003E8EBD /* AppDelegate.swift */ = {isa = PBXFileReference; lastKnownFileType = sourcecode.swift; path = AppDelegate.swift; sourceTree = "<group>"; };
		BD65CF06286640DF003E8EBD /* SceneDelegate.swift */ = {isa = PBXFileReference; lastKnownFileType = sourcecode.swift; path = SceneDelegate.swift; sourceTree = "<group>"; };
		BD65CF08286640DF003E8EBD /* ViewController.swift */ = {isa = PBXFileReference; lastKnownFileType = sourcecode.swift; path = ViewController.swift; sourceTree = "<group>"; };
		BD65CF0B286640DF003E8EBD /* Base */ = {isa = PBXFileReference; lastKnownFileType = file.storyboard; name = Base; path = Base.lproj/Main.storyboard; sourceTree = "<group>"; };
		BD65CF0E286640DF003E8EBD /* To_Do_List_Project.xcdatamodel */ = {isa = PBXFileReference; lastKnownFileType = wrapper.xcdatamodel; path = To_Do_List_Project.xcdatamodel; sourceTree = "<group>"; };
		BD65CF10286640E1003E8EBD /* Assets.xcassets */ = {isa = PBXFileReference; lastKnownFileType = folder.assetcatalog; path = Assets.xcassets; sourceTree = "<group>"; };
		BD65CF13286640E1003E8EBD /* Base */ = {isa = PBXFileReference; lastKnownFileType = file.storyboard; name = Base; path = Base.lproj/LaunchScreen.storyboard; sourceTree = "<group>"; };
		BD65CF15286640E1003E8EBD /* Info.plist */ = {isa = PBXFileReference; lastKnownFileType = text.plist.xml; path = Info.plist; sourceTree = "<group>"; };
		BD65CF1A286640E1003E8EBD /* To-Do List ProjectTests.xctest */ = {isa = PBXFileReference; explicitFileType = wrapper.cfbundle; includeInIndex = 0; path = "To-Do List ProjectTests.xctest"; sourceTree = BUILT_PRODUCTS_DIR; };
		BD65CF1E286640E1003E8EBD /* To_Do_List_ProjectTests.swift */ = {isa = PBXFileReference; lastKnownFileType = sourcecode.swift; path = To_Do_List_ProjectTests.swift; sourceTree = "<group>"; };
		BD65CF24286640E1003E8EBD /* To-Do List ProjectUITests.xctest */ = {isa = PBXFileReference; explicitFileType = wrapper.cfbundle; includeInIndex = 0; path = "To-Do List ProjectUITests.xctest"; sourceTree = BUILT_PRODUCTS_DIR; };
		BD65CF28286640E1003E8EBD /* To_Do_List_ProjectUITests.swift */ = {isa = PBXFileReference; lastKnownFileType = sourcecode.swift; path = To_Do_List_ProjectUITests.swift; sourceTree = "<group>"; };
		BD65CF2A286640E1003E8EBD /* To_Do_List_ProjectUITestsLaunchTests.swift */ = {isa = PBXFileReference; lastKnownFileType = sourcecode.swift; path = To_Do_List_ProjectUITestsLaunchTests.swift; sourceTree = "<group>"; };
/* End PBXFileReference section */

/* Begin PBXFrameworksBuildPhase section */
		BD65CEFE286640DF003E8EBD /* Frameworks */ = {
			isa = PBXFrameworksBuildPhase;
			buildActionMask = 2147483647;
			files = (
			);
			runOnlyForDeploymentPostprocessing = 0;
		};
		BD65CF17286640E1003E8EBD /* Frameworks */ = {
			isa = PBXFrameworksBuildPhase;
			buildActionMask = 2147483647;
			files = (
			);
			runOnlyForDeploymentPostprocessing = 0;
		};
		BD65CF21286640E1003E8EBD /* Frameworks */ = {
			isa = PBXFrameworksBuildPhase;
			buildActionMask = 2147483647;
			files = (
			);
			runOnlyForDeploymentPostprocessing = 0;
		};
/* End PBXFrameworksBuildPhase section */

/* Begin PBXGroup section */
		BD65CEF8286640DF003E8EBD = {
			isa = PBXGroup;
			children = (
				BD65CF03286640DF003E8EBD /* To-Do List Project */,
				BD65CF1D286640E1003E8EBD /* To-Do List ProjectTests */,
				BD65CF27286640E1003E8EBD /* To-Do List ProjectUITests */,
				BD65CF02286640DF003E8EBD /* Products */,
			);
			sourceTree = "<group>";
		};
		BD65CF02286640DF003E8EBD /* Products */ = {
			isa = PBXGroup;
			children = (
				BD65CF01286640DF003E8EBD /* To-Do List Project.app */,
				BD65CF1A286640E1003E8EBD /* To-Do List ProjectTests.xctest */,
				BD65CF24286640E1003E8EBD /* To-Do List ProjectUITests.xctest */,
			);
			name = Products;
			sourceTree = "<group>";
		};
		BD65CF03286640DF003E8EBD /* To-Do List Project */ = {
			isa = PBXGroup;
			children = (
				BD65CF04286640DF003E8EBD /* AppDelegate.swift */,
				BD65CF06286640DF003E8EBD /* SceneDelegate.swift */,
				BD65CF08286640DF003E8EBD /* ViewController.swift */,
				BD65CF0A286640DF003E8EBD /* Main.storyboard */,
				BD65CF10286640E1003E8EBD /* Assets.xcassets */,
				BD65CF12286640E1003E8EBD /* LaunchScreen.storyboard */,
				BD65CF15286640E1003E8EBD /* Info.plist */,
				BD65CF0D286640DF003E8EBD /* To_Do_List_Project.xcdatamodeld */,
			);
			path = "To-Do List Project";
			sourceTree = "<group>";
		};
		BD65CF1D286640E1003E8EBD /* To-Do List ProjectTests */ = {
			isa = PBXGroup;
			children = (
				BD65CF1E286640E1003E8EBD /* To_Do_List_ProjectTests.swift */,
			);
			path = "To-Do List ProjectTests";
			sourceTree = "<group>";
		};
		BD65CF27286640E1003E8EBD /* To-Do List ProjectUITests */ = {
			isa = PBXGroup;
			children = (
				BD65CF28286640E1003E8EBD /* To_Do_List_ProjectUITests.swift */,
				BD65CF2A286640E1003E8EBD /* To_Do_List_ProjectUITestsLaunchTests.swift */,
			);
			path = "To-Do List ProjectUITests";
			sourceTree = "<group>";
		};
/* End PBXGroup section */

/* Begin PBXNativeTarget section */
		BD65CF00286640DF003E8EBD /* To-Do List Project */ = {
			isa = PBXNativeTarget;
			buildConfigurationList = BD65CF2E286640E1003E8EBD /* Build configuration list for PBXNativeTarget "To-Do List Project" */;
			buildPhases = (
				BD65CEFD286640DF003E8EBD /* Sources */,
				BD65CEFE286640DF003E8EBD /* Frameworks */,
				BD65CEFF286640DF003E8EBD /* Resources */,
			);
			buildRules = (
			);
			dependencies = (
			);
			name = "To-Do List Project";
			productName = "To-Do List Project";
			productReference = BD65CF01286640DF003E8EBD /* To-Do List Project.app */;
			productType = "com.apple.product-type.application";
		};
		BD65CF19286640E1003E8EBD /* To-Do List ProjectTests */ = {
			isa = PBXNativeTarget;
			buildConfigurationList = BD65CF31286640E1003E8EBD /* Build configuration list for PBXNativeTarget "To-Do List ProjectTests" */;
			buildPhases = (
				BD65CF16286640E1003E8EBD /* Sources */,
				BD65CF17286640E1003E8EBD /* Frameworks */,
				BD65CF18286640E1003E8EBD /* Resources */,
			);
			buildRules = (
			);
			dependencies = (
				BD65CF1C286640E1003E8EBD /* PBXTargetDependency */,
			);
			name = "To-Do List ProjectTests";
			productName = "To-Do List ProjectTests";
			productReference = BD65CF1A286640E1003E8EBD /* To-Do List ProjectTests.xctest */;
			productType = "com.apple.product-type.bundle.unit-test";
		};
		BD65CF23286640E1003E8EBD /* To-Do List ProjectUITests */ = {
			isa = PBXNativeTarget;
			buildConfigurationList = BD65CF34286640E1003E8EBD /* Build configuration list for PBXNativeTarget "To-Do List ProjectUITests" */;
			buildPhases = (
				BD65CF20286640E1003E8EBD /* Sources */,
				BD65CF21286640E1003E8EBD /* Frameworks */,
				BD65CF22286640E1003E8EBD /* Resources */,
			);
			buildRules = (
			);
			dependencies = (
				BD65CF26286640E1003E8EBD /* PBXTargetDependency */,
			);
			name = "To-Do List ProjectUITests";
			productName = "To-Do List ProjectUITests";
			productReference = BD65CF24286640E1003E8EBD /* To-Do List ProjectUITests.xctest */;
			productType = "com.apple.product-type.bundle.ui-testing";
		};
/* End PBXNativeTarget section */

/* Begin PBXProject section */
		BD65CEF9286640DF003E8EBD /* Project object */ = {
			isa = PBXProject;
			attributes = {
				BuildIndependentTargetsInParallel = 1;
				LastSwiftUpdateCheck = 1340;
				LastUpgradeCheck = 1340;
				TargetAttributes = {
					BD65CF00286640DF003E8EBD = {
						CreatedOnToolsVersion = 13.4.1;
					};
					BD65CF19286640E1003E8EBD = {
						CreatedOnToolsVersion = 13.4.1;
						TestTargetID = BD65CF00286640DF003E8EBD;
					};
					BD65CF23286640E1003E8EBD = {
						CreatedOnToolsVersion = 13.4.1;
						TestTargetID = BD65CF00286640DF003E8EBD;
					};
				};
			};
			buildConfigurationList = BD65CEFC286640DF003E8EBD /* Build configuration list for PBXProject "To-Do List Project" */;
			compatibilityVersion = "Xcode 13.0";
			developmentRegion = en;
			hasScannedForEncodings = 0;
			knownRegions = (
				en,
				Base,
			);
			mainGroup = BD65CEF8286640DF003E8EBD;
			productRefGroup = BD65CF02286640DF003E8EBD /* Products */;
			projectDirPath = "";
			projectRoot = "";
			targets = (
				BD65CF00286640DF003E8EBD /* To-Do List Project */,
				BD65CF19286640E1003E8EBD /* To-Do List ProjectTests */,
				BD65CF23286640E1003E8EBD /* To-Do List ProjectUITests */,
			);
		};
/* End PBXProject section */

/* Begin PBXResourcesBuildPhase section */
		BD65CEFF286640DF003E8EBD /* Resources */ = {
			isa = PBXResourcesBuildPhase;
			buildActionMask = 2147483647;
			files = (
				BD65CF14286640E1003E8EBD /* LaunchScreen.storyboard in Resources */,
				BD65CF11286640E1003E8EBD /* Assets.xcassets in Resources */,
				BD65CF0C286640DF003E8EBD /* Main.storyboard in Resources */,
			);
			runOnlyForDeploymentPostprocessing = 0;
		};
		BD65CF18286640E1003E8EBD /* Resources */ = {
			isa = PBXResourcesBuildPhase;
			buildActionMask = 2147483647;
			files = (
			);
			runOnlyForDeploymentPostprocessing = 0;
		};
		BD65CF22286640E1003E8EBD /* Resources */ = {
			isa = PBXResourcesBuildPhase;
			buildActionMask = 2147483647;
			files = (
			);
			runOnlyForDeploymentPostprocessing = 0;
		};
/* End PBXResourcesBuildPhase section */

/* Begin PBXSourcesBuildPhase section */
		BD65CEFD286640DF003E8EBD /* Sources */ = {
			isa = PBXSourcesBuildPhase;
			buildActionMask = 2147483647;
			files = (
				BD65CF09286640DF003E8EBD /* ViewController.swift in Sources */,
				BD65CF0F286640DF003E8EBD /* To_Do_List_Project.xcdatamodeld in Sources */,
				BD65CF05286640DF003E8EBD /* AppDelegate.swift in Sources */,
				BD65CF07286640DF003E8EBD /* SceneDelegate.swift in Sources */,
			);
			runOnlyForDeploymentPostprocessing = 0;
		};
		BD65CF16286640E1003E8EBD /* Sources */ = {
			isa = PBXSourcesBuildPhase;
			buildActionMask = 2147483647;
			files = (
				BD65CF1F286640E1003E8EBD /* To_Do_List_ProjectTests.swift in Sources */,
			);
			runOnlyForDeploymentPostprocessing = 0;
		};
		BD65CF20286640E1003E8EBD /* Sources */ = {
			isa = PBXSourcesBuildPhase;
			buildActionMask = 2147483647;
			files = (
				BD65CF2B286640E1003E8EBD /* To_Do_List_ProjectUITestsLaunchTests.swift in Sources */,
				BD65CF29286640E1003E8EBD /* To_Do_List_ProjectUITests.swift in Sources */,
			);
			runOnlyForDeploymentPostprocessing = 0;
		};
/* End PBXSourcesBuildPhase section */

/* Begin PBXTargetDependency section */
		BD65CF1C286640E1003E8EBD /* PBXTargetDependency */ = {
			isa = PBXTargetDependency;
			target = BD65CF00286640DF003E8EBD /* To-Do List Project */;
			targetProxy = BD65CF1B286640E1003E8EBD /* PBXContainerItemProxy */;
		};
		BD65CF26286640E1003E8EBD /* PBXTargetDependency */ = {
			isa = PBXTargetDependency;
			target = BD65CF00286640DF003E8EBD /* To-Do List Project */;
			targetProxy = BD65CF25286640E1003E8EBD /* PBXContainerItemProxy */;
		};
/* End PBXTargetDependency section */

/* Begin PBXVariantGroup section */
		BD65CF0A286640DF003E8EBD /* Main.storyboard */ = {
			isa = PBXVariantGroup;
			children = (
				BD65CF0B286640DF003E8EBD /* Base */,
			);
			name = Main.storyboard;
			sourceTree = "<group>";
		};
		BD65CF12286640E1003E8EBD /* LaunchScreen.storyboard */ = {
			isa = PBXVariantGroup;
			children = (
				BD65CF13286640E1003E8EBD /* Base */,
			);
			name = LaunchScreen.storyboard;
			sourceTree = "<group>";
		};
/* End PBXVariantGroup section */

/* Begin XCBuildConfiguration section */
		BD65CF2C286640E1003E8EBD /* Debug */ = {
			isa = XCBuildConfiguration;
			buildSettings = {
				ALWAYS_SEARCH_USER_PATHS = NO;
				CLANG_ANALYZER_NONNULL = YES;
				CLANG_ANALYZER_NUMBER_OBJECT_CONVERSION = YES_AGGRESSIVE;
				CLANG_CXX_LANGUAGE_STANDARD = "gnu++17";
				CLANG_ENABLE_MODULES = YES;
				CLANG_ENABLE_OBJC_ARC = YES;
				CLANG_ENABLE_OBJC_WEAK = YES;
				CLANG_WARN_BLOCK_CAPTURE_AUTORELEASING = YES;
				CLANG_WARN_BOOL_CONVERSION = YES;
				CLANG_WARN_COMMA = YES;
				CLANG_WARN_CONSTANT_CONVERSION = YES;
				CLANG_WARN_DEPRECATED_OBJC_IMPLEMENTATIONS = YES;
				CLANG_WARN_DIRECT_OBJC_ISA_USAGE = YES_ERROR;
				CLANG_WARN_DOCUMENTATION_COMMENTS = YES;
				CLANG_WARN_EMPTY_BODY = YES;
				CLANG_WARN_ENUM_CONVERSION = YES;
				CLANG_WARN_INFINITE_RECURSION = YES;
				CLANG_WARN_INT_CONVERSION = YES;
				CLANG_WARN_NON_LITERAL_NULL_CONVERSION = YES;
				CLANG_WARN_OBJC_IMPLICIT_RETAIN_SELF = YES;
				CLANG_WARN_OBJC_LITERAL_CONVERSION = YES;
				CLANG_WARN_OBJC_ROOT_CLASS = YES_ERROR;
				CLANG_WARN_QUOTED_INCLUDE_IN_FRAMEWORK_HEADER = YES;
				CLANG_WARN_RANGE_LOOP_ANALYSIS = YES;
				CLANG_WARN_STRICT_PROTOTYPES = YES;
				CLANG_WARN_SUSPICIOUS_MOVE = YES;
				CLANG_WARN_UNGUARDED_AVAILABILITY = YES_AGGRESSIVE;
				CLANG_WARN_UNREACHABLE_CODE = YES;
				CLANG_WARN__DUPLICATE_METHOD_MATCH = YES;
				COPY_PHASE_STRIP = NO;
				DEBUG_INFORMATION_FORMAT = dwarf;
				ENABLE_STRICT_OBJC_MSGSEND = YES;
				ENABLE_TESTABILITY = YES;
				GCC_C_LANGUAGE_STANDARD = gnu11;
				GCC_DYNAMIC_NO_PIC = NO;
				GCC_NO_COMMON_BLOCKS = YES;
				GCC_OPTIMIZATION_LEVEL = 0;
				GCC_PREPROCESSOR_DEFINITIONS = (
					"DEBUG=1",
					"$(inherited)",
				);
				GCC_WARN_64_TO_32_BIT_CONVERSION = YES;
				GCC_WARN_ABOUT_RETURN_TYPE = YES_ERROR;
				GCC_WARN_UNDECLARED_SELECTOR = YES;
				GCC_WARN_UNINITIALIZED_AUTOS = YES_AGGRESSIVE;
				GCC_WARN_UNUSED_FUNCTION = YES;
				GCC_WARN_UNUSED_VARIABLE = YES;
				IPHONEOS_DEPLOYMENT_TARGET = 15.5;
				MTL_ENABLE_DEBUG_INFO = INCLUDE_SOURCE;
				MTL_FAST_MATH = YES;
				ONLY_ACTIVE_ARCH = YES;
				SDKROOT = iphoneos;
				SWIFT_ACTIVE_COMPILATION_CONDITIONS = DEBUG;
				SWIFT_OPTIMIZATION_LEVEL = "-Onone";
			};
			name = Debug;
		};
		BD65CF2D286640E1003E8EBD /* Release */ = {
			isa = XCBuildConfiguration;
			buildSettings = {
				ALWAYS_SEARCH_USER_PATHS = NO;
				CLANG_ANALYZER_NONNULL = YES;
				CLANG_ANALYZER_NUMBER_OBJECT_CONVERSION = YES_AGGRESSIVE;
				CLANG_CXX_LANGUAGE_STANDARD = "gnu++17";
				CLANG_ENABLE_MODULES = YES;
				CLANG_ENABLE_OBJC_ARC = YES;
				CLANG_ENABLE_OBJC_WEAK = YES;
				CLANG_WARN_BLOCK_CAPTURE_AUTORELEASING = YES;
				CLANG_WARN_BOOL_CONVERSION = YES;
				CLANG_WARN_COMMA = YES;
				CLANG_WARN_CONSTANT_CONVERSION = YES;
				CLANG_WARN_DEPRECATED_OBJC_IMPLEMENTATIONS = YES;
				CLANG_WARN_DIRECT_OBJC_ISA_USAGE = YES_ERROR;
				CLANG_WARN_DOCUMENTATION_COMMENTS = YES;
				CLANG_WARN_EMPTY_BODY = YES;
				CLANG_WARN_ENUM_CONVERSION = YES;
				CLANG_WARN_INFINITE_RECURSION = YES;
				CLANG_WARN_INT_CONVERSION = YES;
				CLANG_WARN_NON_LITERAL_NULL_CONVERSION = YES;
				CLANG_WARN_OBJC_IMPLICIT_RETAIN_SELF = YES;
				CLANG_WARN_OBJC_LITERAL_CONVERSION = YES;
				CLANG_WARN_OBJC_ROOT_CLASS = YES_ERROR;
				CLANG_WARN_QUOTED_INCLUDE_IN_FRAMEWORK_HEADER = YES;
				CLANG_WARN_RANGE_LOOP_ANALYSIS = YES;
				CLANG_WARN_STRICT_PROTOTYPES = YES;
				CLANG_WARN_SUSPICIOUS_MOVE = YES;
				CLANG_WARN_UNGUARDED_AVAILABILITY = YES_AGGRESSIVE;
				CLANG_WARN_UNREACHABLE_CODE = YES;
				CLANG_WARN__DUPLICATE_METHOD_MATCH = YES;
				COPY_PHASE_STRIP = NO;
				DEBUG_INFORMATION_FORMAT = "dwarf-with-dsym";
				ENABLE_NS_ASSERTIONS = NO;
				ENABLE_STRICT_OBJC_MSGSEND = YES;
				GCC_C_LANGUAGE_STANDARD = gnu11;
				GCC_NO_COMMON_BLOCKS = YES;
				GCC_WARN_64_TO_32_BIT_CONVERSION = YES;
				GCC_WARN_ABOUT_RETURN_TYPE = YES_ERROR;
				GCC_WARN_UNDECLARED_SELECTOR = YES;
				GCC_WARN_UNINITIALIZED_AUTOS = YES_AGGRESSIVE;
				GCC_WARN_UNUSED_FUNCTION = YES;
				GCC_WARN_UNUSED_VARIABLE = YES;
				IPHONEOS_DEPLOYMENT_TARGET = 15.5;
				MTL_ENABLE_DEBUG_INFO = NO;
				MTL_FAST_MATH = YES;
				SDKROOT = iphoneos;
				SWIFT_COMPILATION_MODE = wholemodule;
				SWIFT_OPTIMIZATION_LEVEL = "-O";
				VALIDATE_PRODUCT = YES;
			};
			name = Release;
		};
		BD65CF2F286640E1003E8EBD /* Debug */ = {
			isa = XCBuildConfiguration;
			buildSettings = {
				ASSETCATALOG_COMPILER_APPICON_NAME = AppIcon;
				ASSETCATALOG_COMPILER_GLOBAL_ACCENT_COLOR_NAME = AccentColor;
				CODE_SIGN_STYLE = Automatic;
				CURRENT_PROJECT_VERSION = 1;
				GENERATE_INFOPLIST_FILE = YES;
				INFOPLIST_FILE = "To-Do List Project/Info.plist";
				INFOPLIST_KEY_UIApplicationSupportsIndirectInputEvents = YES;
				INFOPLIST_KEY_UILaunchStoryboardName = LaunchScreen;
				INFOPLIST_KEY_UIMainStoryboardFile = Main;
				INFOPLIST_KEY_UISupportedInterfaceOrientations_iPad = "UIInterfaceOrientationPortrait UIInterfaceOrientationPortraitUpsideDown UIInterfaceOrientationLandscapeLeft UIInterfaceOrientationLandscapeRight";
				INFOPLIST_KEY_UISupportedInterfaceOrientations_iPhone = "UIInterfaceOrientationPortrait UIInterfaceOrientationLandscapeLeft UIInterfaceOrientationLandscapeRight";
				LD_RUNPATH_SEARCH_PATHS = (
					"$(inherited)",
					"@executable_path/Frameworks",
				);
				MARKETING_VERSION = 1.0;
				PRODUCT_BUNDLE_IDENTIFIER = "kwk.To-Do-List-Project";
				PRODUCT_NAME = "$(TARGET_NAME)";
				SWIFT_EMIT_LOC_STRINGS = YES;
				SWIFT_VERSION = 5.0;
				TARGETED_DEVICE_FAMILY = "1,2";
			};
			name = Debug;
		};
		BD65CF30286640E1003E8EBD /* Release */ = {
			isa = XCBuildConfiguration;
			buildSettings = {
				ASSETCATALOG_COMPILER_APPICON_NAME = AppIcon;
				ASSETCATALOG_COMPILER_GLOBAL_ACCENT_COLOR_NAME = AccentColor;
				CODE_SIGN_STYLE = Automatic;
				CURRENT_PROJECT_VERSION = 1;
				GENERATE_INFOPLIST_FILE = YES;
				INFOPLIST_FILE = "To-Do List Project/Info.plist";
				INFOPLIST_KEY_UIApplicationSupportsIndirectInputEvents = YES;
				INFOPLIST_KEY_UILaunchStoryboardName = LaunchScreen;
				INFOPLIST_KEY_UIMainStoryboardFile = Main;
				INFOPLIST_KEY_UISupportedInterfaceOrientations_iPad = "UIInterfaceOrientationPortrait UIInterfaceOrientationPortraitUpsideDown UIInterfaceOrientationLandscapeLeft UIInterfaceOrientationLandscapeRight";
				INFOPLIST_KEY_UISupportedInterfaceOrientations_iPhone = "UIInterfaceOrientationPortrait UIInterfaceOrientationLandscapeLeft UIInterfaceOrientationLandscapeRight";
				LD_RUNPATH_SEARCH_PATHS = (
					"$(inherited)",
					"@executable_path/Frameworks",
				);
				MARKETING_VERSION = 1.0;
				PRODUCT_BUNDLE_IDENTIFIER = "kwk.To-Do-List-Project";
				PRODUCT_NAME = "$(TARGET_NAME)";
				SWIFT_EMIT_LOC_STRINGS = YES;
				SWIFT_VERSION = 5.0;
				TARGETED_DEVICE_FAMILY = "1,2";
			};
			name = Release;
		};
		BD65CF32286640E1003E8EBD /* Debug */ = {
			isa = XCBuildConfiguration;
			buildSettings = {
				ALWAYS_EMBED_SWIFT_STANDARD_LIBRARIES = YES;
				BUNDLE_LOADER = "$(TEST_HOST)";
				CODE_SIGN_STYLE = Automatic;
				CURRENT_PROJECT_VERSION = 1;
				GENERATE_INFOPLIST_FILE = YES;
				IPHONEOS_DEPLOYMENT_TARGET = 15.5;
				MARKETING_VERSION = 1.0;
				PRODUCT_BUNDLE_IDENTIFIER = "kwk.To-Do-List-ProjectTests";
				PRODUCT_NAME = "$(TARGET_NAME)";
				SWIFT_EMIT_LOC_STRINGS = NO;
				SWIFT_VERSION = 5.0;
				TARGETED_DEVICE_FAMILY = "1,2";
				TEST_HOST = "$(BUILT_PRODUCTS_DIR)/To-Do List Project.app/To-Do List Project";
			};
			name = Debug;
		};
		BD65CF33286640E1003E8EBD /* Release */ = {
			isa = XCBuildConfiguration;
			buildSettings = {
				ALWAYS_EMBED_SWIFT_STANDARD_LIBRARIES = YES;
				BUNDLE_LOADER = "$(TEST_HOST)";
				CODE_SIGN_STYLE = Automatic;
				CURRENT_PROJECT_VERSION = 1;
				GENERATE_INFOPLIST_FILE = YES;
				IPHONEOS_DEPLOYMENT_TARGET = 15.5;
				MARKETING_VERSION = 1.0;
				PRODUCT_BUNDLE_IDENTIFIER = "kwk.To-Do-List-ProjectTests";
				PRODUCT_NAME = "$(TARGET_NAME)";
				SWIFT_EMIT_LOC_STRINGS = NO;
				SWIFT_VERSION = 5.0;
				TARGETED_DEVICE_FAMILY = "1,2";
				TEST_HOST = "$(BUILT_PRODUCTS_DIR)/To-Do List Project.app/To-Do List Project";
			};
			name = Release;
		};
		BD65CF35286640E1003E8EBD /* Debug */ = {
			isa = XCBuildConfiguration;
			buildSettings = {
				ALWAYS_EMBED_SWIFT_STANDARD_LIBRARIES = YES;
				CODE_SIGN_STYLE = Automatic;
				CURRENT_PROJECT_VERSION = 1;
				GENERATE_INFOPLIST_FILE = YES;
				MARKETING_VERSION = 1.0;
				PRODUCT_BUNDLE_IDENTIFIER = "kwk.To-Do-List-ProjectUITests";
				PRODUCT_NAME = "$(TARGET_NAME)";
				SWIFT_EMIT_LOC_STRINGS = NO;
				SWIFT_VERSION = 5.0;
				TARGETED_DEVICE_FAMILY = "1,2";
				TEST_TARGET_NAME = "To-Do List Project";
			};
			name = Debug;
		};
		BD65CF36286640E1003E8EBD /* Release */ = {
			isa = XCBuildConfiguration;
			buildSettings = {
				ALWAYS_EMBED_SWIFT_STANDARD_LIBRARIES = YES;
				CODE_SIGN_STYLE = Automatic;
				CURRENT_PROJECT_VERSION = 1;
				GENERATE_INFOPLIST_FILE = YES;
				MARKETING_VERSION = 1.0;
				PRODUCT_BUNDLE_IDENTIFIER = "kwk.To-Do-List-ProjectUITests";
				PRODUCT_NAME = "$(TARGET_NAME)";
				SWIFT_EMIT_LOC_STRINGS = NO;
				SWIFT_VERSION = 5.0;
				TARGETED_DEVICE_FAMILY = "1,2";
				TEST_TARGET_NAME = "To-Do List Project";
			};
			name = Release;
		};
/* End XCBuildConfiguration section */

/* Begin XCConfigurationList section */
		BD65CEFC286640DF003E8EBD /* Build configuration list for PBXProject "To-Do List Project" */ = {
			isa = XCConfigurationList;
			buildConfigurations = (
				BD65CF2C286640E1003E8EBD /* Debug */,
				BD65CF2D286640E1003E8EBD /* Release */,
			);
			defaultConfigurationIsVisible = 0;
			defaultConfigurationName = Release;
		};
		BD65CF2E286640E1003E8EBD /* Build configuration list for PBXNativeTarget "To-Do List Project" */ = {
			isa = XCConfigurationList;
			buildConfigurations = (
				BD65CF2F286640E1003E8EBD /* Debug */,
				BD65CF30286640E1003E8EBD /* Release */,
			);
			defaultConfigurationIsVisible = 0;
			defaultConfigurationName = Release;
		};
		BD65CF31286640E1003E8EBD /* Build configuration list for PBXNativeTarget "To-Do List ProjectTests" */ = {
			isa = XCConfigurationList;
			buildConfigurations = (
				BD65CF32286640E1003E8EBD /* Debug */,
				BD65CF33286640E1003E8EBD /* Release */,
			);
			defaultConfigurationIsVisible = 0;
			defaultConfigurationName = Release;
		};
		BD65CF34286640E1003E8EBD /* Build configuration list for PBXNativeTarget "To-Do List ProjectUITests" */ = {
			isa = XCConfigurationList;
			buildConfigurations = (
				BD65CF35286640E1003E8EBD /* Debug */,
				BD65CF36286640E1003E8EBD /* Release */,
			);
			defaultConfigurationIsVisible = 0;
			defaultConfigurationName = Release;
		};
/* End XCConfigurationList section */

/* Begin XCVersionGroup section */
		BD65CF0D286640DF003E8EBD /* To_Do_List_Project.xcdatamodeld */ = {
			isa = XCVersionGroup;
			children = (
				BD65CF0E286640DF003E8EBD /* To_Do_List_Project.xcdatamodel */,
			);
			currentVersion = BD65CF0E286640DF003E8EBD /* To_Do_List_Project.xcdatamodel */;
			path = To_Do_List_Project.xcdatamodeld;
			sourceTree = "<group>";
			versionGroupType = wrapper.xcdatamodel;
		};
/* End XCVersionGroup section */
	};
	rootObject = BD65CEF9286640DF003E8EBD /* Project object */;
}
